
Microsoft Visual Studio Solution File, Format Version 12.00
# Visual Studio Version 16
VisualStudioVersion = 16.0.30320.27
MinimumVisualStudioVersion = 10.0.40219.1
Project("{9A19103F-16F7-4668-BE54-9A1E7A4F7556}") = "ShinyStewards", "ShinyStewards.csproj", "{79B131E0-71D9-45CD-87BF-7D95904F1A7E}"
EndProject
Global
	GlobalSection(SolutionConfigurationPlatforms) = preSolution
		Debug|Any CPU = Debug|Any CPU
		Release|Any CPU = Release|Any CPU
	EndGlobalSection
	GlobalSection(ProjectConfigurationPlatforms) = postSolution
		{79B131E0-71D9-45CD-87BF-7D95904F1A7E}.Debug|Any CPU.ActiveCfg = Debug|Any CPU
		{79B131E0-71D9-45CD-87BF-7D95904F1A7E}.Debug|Any CPU.Build.0 = Debug|Any CPU
		{79B131E0-71D9-45CD-87BF-7D95904F1A7E}.Release|Any CPU.ActiveCfg = Release|Any CPU
		{79B131E0-71D9-45CD-87BF-7D95904F1A7E}.Release|Any CPU.Build.0 = Release|Any CPU
	EndGlobalSection
	GlobalSection(SolutionProperties) = preSolution
		HideSolutionNode = FALSE
	EndGlobalSection
	GlobalSection(ExtensibilityGlobals) = postSolution
		SolutionGuid = {DAD049C7-682C-444B-8DAE-D14B88B56780}
	EndGlobalSection
EndGlobal
